
Microsoft Visual Studio Solution File, Format Version 12.00
# Visual Studio Version 17
VisualStudioVersion = 17.1.32228.430
MinimumVisualStudioVersion = 10.0.40219.1
Project("{FAE04EC0-301F-11D3-BF4B-00C04F79EFBC}") = "Laby3", "Laby3.csproj", "{C175B48E-15FD-4A21-8B92-D039A346CF97}"
EndProject
Global
	GlobalSection(SolutionConfigurationPlatforms) = preSolution
		Debug|Any CPU = Debug|Any CPU
		Release|Any CPU = Release|Any CPU
	EndGlobalSection
	GlobalSection(ProjectConfigurationPlatforms) = postSolution
		{C175B48E-15FD-4A21-8B92-D039A346CF97}.Debug|Any CPU.ActiveCfg = Debug|Any CPU
		{C175B48E-15FD-4A21-8B92-D039A346CF97}.Debug|Any CPU.Build.0 = Debug|Any CPU
		{C175B48E-15FD-4A21-8B92-D039A346CF97}.Release|Any CPU.ActiveCfg = Release|Any CPU
		{C175B48E-15FD-4A21-8B92-D039A346CF97}.Release|Any CPU.Build.0 = Release|Any CPU
	EndGlobalSection
	GlobalSection(SolutionProperties) = preSolution
		HideSolutionNode = FALSE
	EndGlobalSection
	GlobalSection(ExtensibilityGlobals) = postSolution
		SolutionGuid = {BABDCB22-1E83-4259-8D04-D2667D66F71D}
	EndGlobalSection
EndGlobal
